
Microsoft Visual Studio Solution File, Format Version 12.00
# Visual Studio Version 17
VisualStudioVersion = 17.1.32328.378
MinimumVisualStudioVersion = 10.0.40219.1
Project("{FAE04EC0-301F-11D3-BF4B-00C04F79EFBC}") = "Fractals", "Fractals\Fractals.csproj", "{A0459CFE-5A8F-499D-84A8-49C9E0127581}"
EndProject
Global
	GlobalSection(SolutionConfigurationPlatforms) = preSolution
		Debug|Any CPU = Debug|Any CPU
		Release|Any CPU = Release|Any CPU
	EndGlobalSection
	GlobalSection(ProjectConfigurationPlatforms) = postSolution
		{A0459CFE-5A8F-499D-84A8-49C9E0127581}.Debug|Any CPU.ActiveCfg = Debug|Any CPU
		{A0459CFE-5A8F-499D-84A8-49C9E0127581}.Debug|Any CPU.Build.0 = Debug|Any CPU
		{A0459CFE-5A8F-499D-84A8-49C9E0127581}.Release|Any CPU.ActiveCfg = Release|Any CPU
		{A0459CFE-5A8F-499D-84A8-49C9E0127581}.Release|Any CPU.Build.0 = Release|Any CPU
	EndGlobalSection
	GlobalSection(SolutionProperties) = preSolution
		HideSolutionNode = FALSE
	EndGlobalSection
	GlobalSection(ExtensibilityGlobals) = postSolution
		SolutionGuid = {3D69BC50-CA65-41F3-A56A-CECF612B35B0}
	EndGlobalSection
EndGlobal
